lockfileVersion: '9.0'

settings:
  autoInstallPeers: true
  excludeLinksFromLockfile: false

importers:

  .:
    devDependencies:
      '@types/cli-progress':
        specifier: ^3.11.6
        version: 3.11.6

packages:

  '@types/cli-progress@3.11.6':
    resolution: {integrity: sha512-cE3+jb9WRlu+uOSAugewNpITJDt1VF8dHOopPO4IABFc3SXYL5WE/+PTz/FCdZRRfIujiWW3n3aMbv1eIGVRWA==}

  '@types/node@25.0.1':
    resolution: {integrity: sha512-czWPzKIAXucn9PtsttxmumiQ9N0ok9FrBwgRWrwmVLlp86BrMExzvXRLFYRJ+Ex3g6yqj+KuaxfX1JTgV2lpfg==}

  undici-types@7.16.0:
    resolution: {integrity: sha512-Zz+aZWSj8LE6zoxD+xrjh4VfkIG8Ya6LvYkZqtUQGJPZjYl53ypCaUwWqo7eI0x66KBGeRo+mlBEkMSeSZ38Nw==}

snapshots:

  '@types/cli-progress@3.11.6':
    dependencies:
      '@types/node': 25.0.1

  '@types/node@25.0.1':
    dependencies:
      undici-types: 7.16.0

  undici-types@7.16.0: {}
